
Microsoft Visual Studio Solution File, Format Version 12.00
# Visual Studio Version 17
VisualStudioVersion = 17.9.34622.214
MinimumVisualStudioVersion = 10.0.40219.1
Project("{FAE04EC0-301F-11D3-BF4B-00C04F79EFBC}") = "RobotProject", "RobotProject\RobotProject.csproj", "{989C3E36-5247-4A1F-892A-C20D53D59F5D}"
EndProject
Global
	GlobalSection(SolutionConfigurationPlatforms) = preSolution
		Debug|Any CPU = Debug|Any CPU
		Release|Any CPU = Release|Any CPU
	EndGlobalSection
	GlobalSection(ProjectConfigurationPlatforms) = postSolution
		{989C3E36-5247-4A1F-892A-C20D53D59F5D}.Debug|Any CPU.ActiveCfg = Debug|Any CPU
		{989C3E36-5247-4A1F-892A-C20D53D59F5D}.Debug|Any CPU.Build.0 = Debug|Any CPU
		{989C3E36-5247-4A1F-892A-C20D53D59F5D}.Release|Any CPU.ActiveCfg = Release|Any CPU
		{989C3E36-5247-4A1F-892A-C20D53D59F5D}.Release|Any CPU.Build.0 = Release|Any CPU
	EndGlobalSection
	GlobalSection(SolutionProperties) = preSolution
		HideSolutionNode = FALSE
	EndGlobalSection
	GlobalSection(ExtensibilityGlobals) = postSolution
		SolutionGuid = {64A61DD4-E3D2-4D5C-9677-E5A07EF408DE}
	EndGlobalSection
EndGlobal
